{
    "_readme": [
        "This file locks the dependencies of your project to a known state",
        "Read more about it at https://getcomposer.org/doc/01-basic-usage.md#installing-dependencies",
        "This file is @generated automatically"
    ],
    "content-hash": "01e65553efaeee6235596a57d61d8ea4",
    "packages": [
        {
            "name": "phpseclib/phpseclib",
            "version": "2.0.36",
            "source": {
                "type": "git",
                "url": "https://github.com/phpseclib/phpseclib.git",
                "reference": "a97547126396548c224703a267a30af1592be146"
            },
            "dist": {
                "type": "zip",
                "url": "https://api.github.com/repos/phpseclib/phpseclib/zipball/a97547126396548c224703a267a30af1592be146",
                "reference": "a97547126396548c224703a267a30af1592be146",
                "shasum": ""
            },
            "require": {
                "php": ">=5.3.3"
            },
            "require-dev": {
                "phing/phing": "~2.7",
                "phpunit/phpunit": "^4.8.35|^5.7|^6.0|^9.4",
                "squizlabs/php_codesniffer": "~2.0"
            },
            "suggest": {
                "ext-gmp": "Install the GMP (GNU Multiple Precision) extension in order to speed up arbitrary precision integer arithmetic operations.",
                "ext-libsodium": "SSH2/SFTP can make use of some algorithms provided by the libsodium-php extension.",
                "ext-mcrypt": "Install the Mcrypt extension in order to speed up a few other cryptographic operations.",
                "ext-openssl": "Install the OpenSSL extension in order to speed up a wide variety of cryptographic operations."
            },
            "type": "library",
            "autoload": {
                "files": [
                    "phpseclib/bootstrap.php"
                ],
                "psr-4": {
                    "phpseclib\\": "phpseclib/"
                }
            },
            "notification-url": "https://packagist.org/downloads/",
            "license": [
                "MIT"
            ],
            "authors": [
                {
                    "name": "Jim Wigginton",
                    "email": "terrafrost@php.net",
                    "role": "Lead Developer"
                },
                {
                    "name": "Patrick Monnerat",
                    "email": "pm@datasphere.ch",
                    "role": "Developer"
                },
                {
                    "name": "Andreas Fischer",
                    "email": "bantu@phpbb.com",
                    "role": "Developer"
                },
                {
                    "name": "Hans-Jürgen Petrich",
                    "email": "petrich@tronic-media.com",
                    "role": "Developer"
                },
                {
                    "name": "Graham Campbell",
                    "email": "graham@alt-three.com",
                    "role": "Developer"
                }
            ],
            "description": "PHP Secure Communications Library - Pure-PHP implementations of RSA, AES, SSH2, SFTP, X.509 etc.",
            "homepage": "http://phpseclib.sourceforge.net",
            "keywords": [
                "BigInteger",
                "aes",
                "asn.1",
                "asn1",
                "blowfish",
                "crypto",
                "cryptography",
                "encryption",
                "rsa",
                "security",
                "sftp",
                "signature",
                "signing",
                "ssh",
                "twofish",
                "x.509",
                "x509"
            ],
            "support": {
                "issues": "https://github.com/phpseclib/phpseclib/issues",
                "source": "https://github.com/phpseclib/phpseclib/tree/2.0.36"
            },
            "funding": [
                {
                    "url": "https://github.com/terrafrost",
                    "type": "github"
                },
                {
                    "url": "https://www.patreon.com/phpseclib",
                    "type": "patreon"
                },
                {
                    "url": "https://tidelift.com/funding/github/packagist/phpseclib/phpseclib",
                    "type": "tidelift"
                }
            ],
            "time": "2022-01-30T08:48:36+00:00"
        },
        {
            "name": "setasign/setapdf-core",
            "version": "2.39.0.1706",
            "dist": {
                "type": "zip",
                "url": "https://www.setasign.com/downloads/3610674/SetaPDF-Core_2.39.0.1706-without-demos.zip"
            },
            "type": "library",
            "autoload": {
                "psr-0": {
                    "SetaPDF_": "library/"
                }
            },
            "license": [
                "proprietary"
            ],
            "support": {
                "email": "support@setasign.com"
            },
            "time": "2022-03-29T00:00:00+00:00"
        },
        {
            "name": "setasign/setapdf-extractor",
            "version": "2.39.0.1706",
            "dist": {
                "type": "zip",
                "url": "https://www.setasign.com/downloads/3610684/SetaPDF-Extractor_2.39.0.1706-without-core.zip"
            },
            "require": {
                "setasign/setapdf-core": "2.39.0.1706"
            },
            "type": "library",
            "autoload": {
                "psr-0": {
                    "SetaPDF_": "library/"
                }
            },
            "license": [
                "proprietary"
            ],
            "support": {
                "email": "support@setasign.com"
            },
            "time": "2022-03-29T00:00:00+00:00"
        },
        {
            "name": "setasign/setapdf-formfiller_full",
            "version": "2.39.0.1706",
            "dist": {
                "type": "zip",
                "url": "https://www.setasign.com/downloads/3610693/SetaPDF-FormFiller-Full_2.39.0.1706-without-core.zip"
            },
            "require": {
                "setasign/setapdf-core": "2.39.0.1706"
            },
            "type": "library",
            "autoload": {
                "psr-0": {
                    "SetaPDF_": "library/"
                }
            },
            "license": [
                "proprietary"
            ],
            "support": {
                "email": "support@setasign.com"
            },
            "time": "2022-03-29T00:00:00+00:00"
        },
        {
            "name": "setasign/setapdf-merger",
            "version": "2.39.0.1706",
            "dist": {
                "type": "zip",
                "url": "https://www.setasign.com/downloads/3610687/SetaPDF-Merger_2.39.0.1706-without-core.zip"
            },
            "require": {
                "setasign/setapdf-core": "2.39.0.1706"
            },
            "type": "library",
            "autoload": {
                "psr-0": {
                    "SetaPDF_": "library/"
                }
            },
            "license": [
                "proprietary"
            ],
            "support": {
                "email": "support@setasign.com"
            },
            "time": "2022-03-29T00:00:00+00:00"
        },
        {
            "name": "setasign/setapdf-signer",
            "version": "2.39.0.1706",
            "dist": {
                "type": "zip",
                "url": "https://www.setasign.com/downloads/3610696/SetaPDF-Signer_2.39.0.1706-without-core.zip"
            },
            "require": {
                "setasign/setapdf-core": "2.39.0.1706"
            },
            "type": "library",
            "autoload": {
                "psr-0": {
                    "SetaPDF_": "library/"
                }
            },
            "license": [
                "proprietary"
            ],
            "support": {
                "email": "support@setasign.com"
            },
            "time": "2022-03-29T00:00:00+00:00"
        },
        {
            "name": "setasign/setapdf-stamper",
            "version": "2.39.0.1706",
            "dist": {
                "type": "zip",
                "url": "https://www.setasign.com/downloads/3610698/SetaPDF-Stamper_2.39.0.1706-without-core.zip"
            },
            "require": {
                "setasign/setapdf-core": "2.39.0.1706"
            },
            "type": "library",
            "autoload": {
                "psr-0": {
                    "SetaPDF_": "library/"
                }
            },
            "license": [
                "proprietary"
            ],
            "support": {
                "email": "support@setasign.com"
            },
            "time": "2022-03-29T00:00:00+00:00"
        }
    ],
    "packages-dev": [],
    "aliases": [],
    "minimum-stability": "stable",
    "stability-flags": [],
    "prefer-stable": false,
    "prefer-lowest": false,
    "platform": {
        "php": ">=5.6",
        "ext-json": "*"
    },
    "platform-dev": [],
    "plugin-api-version": "2.1.0"
}
