{
    "_readme": [
        "This file locks the dependencies of your project to a known state",
        "Read more about it at https://getcomposer.org/doc/01-basic-usage.md#installing-dependencies",
        "This file is @generated automatically"
    ],
    "content-hash": "8e2e04cfca4b60dd1e44a11e4faae193",
    "packages": [
        {
            "name": "setasign/setapdf-core",
            "version": "2.36.0.1597",
            "dist": {
                "type": "zip",
                "url": "https://www.setasign.com/downloads/2854243/SetaPDF-Core_2.36.0.1597-without-demos.zip"
            },
            "type": "library",
            "autoload": {
                "psr-0": {
                    "SetaPDF_": "library/"
                }
            },
            "license": [
                "proprietary"
            ],
            "support": {
                "email": "support@setasign.com"
            },
            "time": "2020-12-22T00:00:00+00:00"
        },
        {
            "name": "setasign/setapdf-extractor",
            "version": "2.36.0.1597",
            "dist": {
                "type": "zip",
                "url": "https://www.setasign.com/downloads/2854230/SetaPDF-Extractor_2.36.0.1597-without-core.zip"
            },
            "require": {
                "setasign/setapdf-core": "2.36.0.1597"
            },
            "type": "library",
            "autoload": {
                "psr-0": {
                    "SetaPDF_": "library/"
                }
            },
            "license": [
                "proprietary"
            ],
            "support": {
                "email": "support@setasign.com"
            },
            "time": "2020-12-22T00:00:00+00:00"
        },
        {
            "name": "setasign/setapdf-formfiller_full",
            "version": "2.36.0.1597",
            "dist": {
                "type": "zip",
                "url": "https://www.setasign.com/downloads/2854248/SetaPDF-FormFiller-Full_2.36.0.1597-without-core.zip"
            },
            "require": {
                "setasign/setapdf-core": "2.36.0.1597"
            },
            "type": "library",
            "autoload": {
                "psr-0": {
                    "SetaPDF_": "library/"
                }
            },
            "license": [
                "proprietary"
            ],
            "support": {
                "email": "support@setasign.com"
            },
            "time": "2020-12-22T00:00:00+00:00"
        },
        {
            "name": "setasign/setapdf-merger",
            "version": "2.36.0.1597",
            "dist": {
                "type": "zip",
                "url": "https://www.setasign.com/downloads/2854232/SetaPDF-Merger_2.36.0.1597-without-core.zip"
            },
            "require": {
                "setasign/setapdf-core": "2.36.0.1597"
            },
            "type": "library",
            "autoload": {
                "psr-0": {
                    "SetaPDF_": "library/"
                }
            },
            "license": [
                "proprietary"
            ],
            "support": {
                "email": "support@setasign.com"
            },
            "time": "2020-12-22T00:00:00+00:00"
        },
        {
            "name": "setasign/setapdf-signer",
            "version": "2.36.0.1597",
            "dist": {
                "type": "zip",
                "url": "https://www.setasign.com/downloads/2854244/SetaPDF-Signer_2.36.0.1597-without-core.zip"
            },
            "require": {
                "setasign/setapdf-core": "2.36.0.1597"
            },
            "type": "library",
            "autoload": {
                "psr-0": {
                    "SetaPDF_": "library/"
                }
            },
            "license": [
                "proprietary"
            ],
            "support": {
                "email": "support@setasign.com"
            },
            "time": "2020-12-22T00:00:00+00:00"
        },
        {
            "name": "setasign/setapdf-stamper",
            "version": "2.36.0.1597",
            "dist": {
                "type": "zip",
                "url": "https://www.setasign.com/downloads/2854240/SetaPDF-Stamper_2.36.0.1597-without-core.zip"
            },
            "require": {
                "setasign/setapdf-core": "2.36.0.1597"
            },
            "type": "library",
            "autoload": {
                "psr-0": {
                    "SetaPDF_": "library/"
                }
            },
            "license": [
                "proprietary"
            ],
            "support": {
                "email": "support@setasign.com"
            },
            "time": "2020-12-22T00:00:00+00:00"
        }
    ],
    "packages-dev": [],
    "aliases": [],
    "minimum-stability": "stable",
    "stability-flags": [],
    "prefer-stable": false,
    "prefer-lowest": false,
    "platform": {
        "php": ">=5.6",
        "ext-json": "*"
    },
    "platform-dev": [],
    "plugin-api-version": "2.0.0"
}
