{
    "_readme": [
        "This file locks the dependencies of your project to a known state",
        "Read more about it at https://getcomposer.org/doc/01-basic-usage.md#installing-dependencies",
        "This file is @generated automatically"
    ],
    "content-hash": "9b7c44ffe49a16c3f5ed8fad5a60de92",
    "packages": [
        {
            "name": "setasign/setapdf-core",
            "version": "2.35.0.1507",
            "dist": {
                "type": "zip",
                "url": "https://www.setasign.com/downloads/2682376/SetaPDF-Core_2.35.0.1507-without-demos.zip"
            },
            "type": "library",
            "autoload": {
                "psr-0": {
                    "SetaPDF_": "library/"
                }
            },
            "license": [
                "proprietary"
            ],
            "support": {
                "email": "support@setasign.com"
            },
            "time": "2020-07-23T00:00:00+00:00"
        },
        {
            "name": "setasign/setapdf-extractor",
            "version": "2.35.0.1507",
            "dist": {
                "type": "zip",
                "url": "https://www.setasign.com/downloads/2682362/SetaPDF-Extractor_2.35.0.1507-without-core.zip"
            },
            "require": {
                "setasign/setapdf-core": "2.35.0.1507"
            },
            "type": "library",
            "autoload": {
                "psr-0": {
                    "SetaPDF_": "library/"
                }
            },
            "license": [
                "proprietary"
            ],
            "support": {
                "email": "support@setasign.com"
            },
            "time": "2020-07-23T00:00:00+00:00"
        },
        {
            "name": "setasign/setapdf-formfiller_full",
            "version": "2.35.0.1507",
            "dist": {
                "type": "zip",
                "url": "https://www.setasign.com/downloads/2682358/SetaPDF-FormFiller-Full_2.35.0.1507-without-core.zip"
            },
            "require": {
                "setasign/setapdf-core": "2.35.0.1507"
            },
            "type": "library",
            "autoload": {
                "psr-0": {
                    "SetaPDF_": "library/"
                }
            },
            "license": [
                "proprietary"
            ],
            "support": {
                "email": "support@setasign.com"
            },
            "time": "2020-07-23T00:00:00+00:00"
        },
        {
            "name": "setasign/setapdf-merger",
            "version": "2.35.0.1507",
            "dist": {
                "type": "zip",
                "url": "https://www.setasign.com/downloads/2682368/SetaPDF-Merger_2.35.0.1507-without-core.zip"
            },
            "require": {
                "setasign/setapdf-core": "2.35.0.1507"
            },
            "type": "library",
            "autoload": {
                "psr-0": {
                    "SetaPDF_": "library/"
                }
            },
            "license": [
                "proprietary"
            ],
            "support": {
                "email": "support@setasign.com"
            },
            "time": "2020-07-23T00:00:00+00:00"
        },
        {
            "name": "setasign/setapdf-signer",
            "version": "2.35.0.1507",
            "dist": {
                "type": "zip",
                "url": "https://www.setasign.com/downloads/2682364/SetaPDF-Signer_2.35.0.1507-without-core.zip"
            },
            "require": {
                "setasign/setapdf-core": "2.35.0.1507"
            },
            "type": "library",
            "autoload": {
                "psr-0": {
                    "SetaPDF_": "library/"
                }
            },
            "license": [
                "proprietary"
            ],
            "support": {
                "email": "support@setasign.com"
            },
            "time": "2020-07-23T00:00:00+00:00"
        },
        {
            "name": "setasign/setapdf-stamper",
            "version": "2.35.0.1507",
            "dist": {
                "type": "zip",
                "url": "https://www.setasign.com/downloads/2682361/SetaPDF-Stamper_2.35.0.1507-without-core.zip"
            },
            "require": {
                "setasign/setapdf-core": "2.35.0.1507"
            },
            "type": "library",
            "autoload": {
                "psr-0": {
                    "SetaPDF_": "library/"
                }
            },
            "license": [
                "proprietary"
            ],
            "support": {
                "email": "support@setasign.com"
            },
            "time": "2020-07-23T00:00:00+00:00"
        }
    ],
    "packages-dev": [],
    "aliases": [],
    "minimum-stability": "stable",
    "stability-flags": [],
    "prefer-stable": false,
    "prefer-lowest": false,
    "platform": {
        "php": ">=5.6",
        "ext-json": "*"
    },
    "platform-dev": [],
    "plugin-api-version": "2.0.0"
}
